
Microsoft Visual Studio Solution File, Format Version 12.00
# Visual Studio Version 16
VisualStudioVersion = 16.0.31424.327
MinimumVisualStudioVersion = 10.0.40219.1
Project("{FAE04EC0-301F-11D3-BF4B-00C04F79EFBC}") = "Laba3_AssemblyBrowserView", "Laba3_AssemblyBrowserView\Laba3_AssemblyBrowserView.csproj", "{EAA47230-09F5-4D26-BB49-EB8772B0CBAA}"
EndProject
Project("{FAE04EC0-301F-11D3-BF4B-00C04F79EFBC}") = "AssemblyBrowserLibrary", "..\AssemblyBrowserLibrary\AssemblyBrowserLibrary.csproj", "{4766967A-E37A-482F-8BC3-A6B4148CEF30}"
EndProject
Project("{FAE04EC0-301F-11D3-BF4B-00C04F79EFBC}") = "AssemblyBrowserUnitTests", "..\AssemblyBrowserUnitTests\AssemblyBrowserUnitTests.csproj", "{2BA4BA0B-A412-4CFF-9976-28BF1F0A1966}"
EndProject
Global
	GlobalSection(SolutionConfigurationPlatforms) = preSolution
		Debug|Any CPU = Debug|Any CPU
		Release|Any CPU = Release|Any CPU
	EndGlobalSection
	GlobalSection(ProjectConfigurationPlatforms) = postSolution
		{EAA47230-09F5-4D26-BB49-EB8772B0CBAA}.Debug|Any CPU.ActiveCfg = Debug|Any CPU
		{EAA47230-09F5-4D26-BB49-EB8772B0CBAA}.Debug|Any CPU.Build.0 = Debug|Any CPU
		{EAA47230-09F5-4D26-BB49-EB8772B0CBAA}.Release|Any CPU.ActiveCfg = Release|Any CPU
		{EAA47230-09F5-4D26-BB49-EB8772B0CBAA}.Release|Any CPU.Build.0 = Release|Any CPU
		{4766967A-E37A-482F-8BC3-A6B4148CEF30}.Debug|Any CPU.ActiveCfg = Debug|Any CPU
		{4766967A-E37A-482F-8BC3-A6B4148CEF30}.Debug|Any CPU.Build.0 = Debug|Any CPU
		{4766967A-E37A-482F-8BC3-A6B4148CEF30}.Release|Any CPU.ActiveCfg = Release|Any CPU
		{4766967A-E37A-482F-8BC3-A6B4148CEF30}.Release|Any CPU.Build.0 = Release|Any CPU
		{2BA4BA0B-A412-4CFF-9976-28BF1F0A1966}.Debug|Any CPU.ActiveCfg = Debug|Any CPU
		{2BA4BA0B-A412-4CFF-9976-28BF1F0A1966}.Debug|Any CPU.Build.0 = Debug|Any CPU
		{2BA4BA0B-A412-4CFF-9976-28BF1F0A1966}.Release|Any CPU.ActiveCfg = Release|Any CPU
		{2BA4BA0B-A412-4CFF-9976-28BF1F0A1966}.Release|Any CPU.Build.0 = Release|Any CPU
	EndGlobalSection
	GlobalSection(SolutionProperties) = preSolution
		HideSolutionNode = FALSE
	EndGlobalSection
	GlobalSection(ExtensibilityGlobals) = postSolution
		SolutionGuid = {5C7C66AA-A119-46EE-A3B3-7A80DC2284F6}
	EndGlobalSection
EndGlobal
